
Microsoft Visual Studio Solution File, Format Version 12.00
# Visual Studio Version 17
VisualStudioVersion = 17.5.33516.290
MinimumVisualStudioVersion = 10.0.40219.1
Project("{9A19103F-16F7-4668-BE54-9A1E7A4F7556}") = "PSApps", "PSApps\PSApps.csproj", "{92D36693-50E3-44D5-93C3-EAA49D69BD8F}"
EndProject
Project("{9A19103F-16F7-4668-BE54-9A1E7A4F7556}") = "PSAppsLib", "PSAppsLib\PSAppsLib.csproj", "{7C39C907-4C73-4824-8BA8-0EB143947FC7}"
EndProject
Global
	GlobalSection(SolutionConfigurationPlatforms) = preSolution
		Debug|Any CPU = Debug|Any CPU
		Release|Any CPU = Release|Any CPU
	EndGlobalSection
	GlobalSection(ProjectConfigurationPlatforms) = postSolution
		{92D36693-50E3-44D5-93C3-EAA49D69BD8F}.Debug|Any CPU.ActiveCfg = Debug|Any CPU
		{92D36693-50E3-44D5-93C3-EAA49D69BD8F}.Debug|Any CPU.Build.0 = Debug|Any CPU
		{92D36693-50E3-44D5-93C3-EAA49D69BD8F}.Release|Any CPU.ActiveCfg = Release|Any CPU
		{92D36693-50E3-44D5-93C3-EAA49D69BD8F}.Release|Any CPU.Build.0 = Release|Any CPU
		{7C39C907-4C73-4824-8BA8-0EB143947FC7}.Debug|Any CPU.ActiveCfg = Debug|Any CPU
		{7C39C907-4C73-4824-8BA8-0EB143947FC7}.Debug|Any CPU.Build.0 = Debug|Any CPU
		{7C39C907-4C73-4824-8BA8-0EB143947FC7}.Release|Any CPU.ActiveCfg = Release|Any CPU
		{7C39C907-4C73-4824-8BA8-0EB143947FC7}.Release|Any CPU.Build.0 = Release|Any CPU
	EndGlobalSection
	GlobalSection(SolutionProperties) = preSolution
		HideSolutionNode = FALSE
	EndGlobalSection
	GlobalSection(ExtensibilityGlobals) = postSolution
		SolutionGuid = {9DCC2137-978F-44EE-8FA7-61D6A00E3334}
	EndGlobalSection
EndGlobal
